
Microsoft Visual Studio Solution File, Format Version 12.00
# Visual Studio Version 17
VisualStudioVersion = 17.5.33516.290
MinimumVisualStudioVersion = 10.0.40219.1
Project("{FAE04EC0-301F-11D3-BF4B-00C04F79EFBC}") = "DisableBreathEffect", "DisableBreathEffect\DisableBreathEffect.csproj", "{D259B837-9242-44B6-9472-2928D6A8E5CE}"
EndProject
Global
	GlobalSection(SolutionConfigurationPlatforms) = preSolution
		Debug|Any CPU = Debug|Any CPU
		Release|Any CPU = Release|Any CPU
	EndGlobalSection
	GlobalSection(ProjectConfigurationPlatforms) = postSolution
		{D259B837-9242-44B6-9472-2928D6A8E5CE}.Debug|Any CPU.ActiveCfg = Debug|Any CPU
		{D259B837-9242-44B6-9472-2928D6A8E5CE}.Debug|Any CPU.Build.0 = Debug|Any CPU
		{D259B837-9242-44B6-9472-2928D6A8E5CE}.Release|Any CPU.ActiveCfg = Release|Any CPU
		{D259B837-9242-44B6-9472-2928D6A8E5CE}.Release|Any CPU.Build.0 = Release|Any CPU
	EndGlobalSection
	GlobalSection(SolutionProperties) = preSolution
		HideSolutionNode = FALSE
	EndGlobalSection
	GlobalSection(ExtensibilityGlobals) = postSolution
		SolutionGuid = {3DF89224-C772-49A8-AD9B-C3CDEEDFC6AB}
	EndGlobalSection
EndGlobal
